
Microsoft Visual Studio Solution File, Format Version 12.00
# Visual Studio Version 16
VisualStudioVersion = 16.0.30104.148
MinimumVisualStudioVersion = 10.0.40219.1
Project("{FAE04EC0-301F-11D3-BF4B-00C04F79EFBC}") = "SpotifySongTracker", "SpotifyTracker\SpotifySongTracker.csproj", "{4EC0BFA4-C226-4EF4-A1A7-3AF091CE9F34}"
EndProject
Global
	GlobalSection(SolutionConfigurationPlatforms) = preSolution
		Debug|Any CPU = Debug|Any CPU
		Debug|x64 = Debug|x64
		Release|Any CPU = Release|Any CPU
		Release|x64 = Release|x64
	EndGlobalSection
	GlobalSection(ProjectConfigurationPlatforms) = postSolution
		{4EC0BFA4-C226-4EF4-A1A7-3AF091CE9F34}.Debug|Any CPU.ActiveCfg = Debug|Any CPU
		{4EC0BFA4-C226-4EF4-A1A7-3AF091CE9F34}.Debug|Any CPU.Build.0 = Debug|Any CPU
		{4EC0BFA4-C226-4EF4-A1A7-3AF091CE9F34}.Debug|x64.ActiveCfg = Debug|x64
		{4EC0BFA4-C226-4EF4-A1A7-3AF091CE9F34}.Debug|x64.Build.0 = Debug|x64
		{4EC0BFA4-C226-4EF4-A1A7-3AF091CE9F34}.Release|Any CPU.ActiveCfg = Release|Any CPU
		{4EC0BFA4-C226-4EF4-A1A7-3AF091CE9F34}.Release|Any CPU.Build.0 = Release|Any CPU
		{4EC0BFA4-C226-4EF4-A1A7-3AF091CE9F34}.Release|x64.ActiveCfg = Release|x64
		{4EC0BFA4-C226-4EF4-A1A7-3AF091CE9F34}.Release|x64.Build.0 = Release|x64
	EndGlobalSection
	GlobalSection(SolutionProperties) = preSolution
		HideSolutionNode = FALSE
	EndGlobalSection
	GlobalSection(ExtensibilityGlobals) = postSolution
		SolutionGuid = {18823D03-229D-42D7-BC11-393B22F2350A}
	EndGlobalSection
EndGlobal
